
Microsoft Visual Studio Solution File, Format Version 12.00
# Visual Studio Version 17
VisualStudioVersion = 17.14.36408.4
MinimumVisualStudioVersion = 10.0.40219.1
Project("{FAE04EC0-301F-11D3-BF4B-00C04F79EFBC}") = "HTMLMCPSandbox", "HTMLMCPSandbox.csproj", "{BF475002-3A0E-43D9-B64E-BAA806238382}"
EndProject
Global
	GlobalSection(SolutionConfigurationPlatforms) = preSolution
		Debug|Any CPU = Debug|Any CPU
		Release|Any CPU = Release|Any CPU
	EndGlobalSection
	GlobalSection(ProjectConfigurationPlatforms) = postSolution
		{BF475002-3A0E-43D9-B64E-BAA806238382}.Debug|Any CPU.ActiveCfg = Debug|Any CPU
		{BF475002-3A0E-43D9-B64E-BAA806238382}.Debug|Any CPU.Build.0 = Debug|Any CPU
		{BF475002-3A0E-43D9-B64E-BAA806238382}.Release|Any CPU.ActiveCfg = Release|Any CPU
		{BF475002-3A0E-43D9-B64E-BAA806238382}.Release|Any CPU.Build.0 = Release|Any CPU
	EndGlobalSection
	GlobalSection(SolutionProperties) = preSolution
		HideSolutionNode = FALSE
	EndGlobalSection
	GlobalSection(ExtensibilityGlobals) = postSolution
		SolutionGuid = {DC816204-F4BB-4E88-BCB8-E93CA672A3DA}
	EndGlobalSection
EndGlobal
