
Microsoft Visual Studio Solution File, Format Version 12.00
# Visual Studio Version 17
VisualStudioVersion = 17.14.36408.4 d17.14
MinimumVisualStudioVersion = 10.0.40219.1
Project("{FAE04EC0-301F-11D3-BF4B-00C04F79EFBC}") = "HTMLMCPSandbox", "HTMLMCPSandbox.csproj", "{BF475002-3A0E-43D9-B64E-BAA806238382}"
EndProject
Global
	GlobalSection(SolutionConfigurationPlatforms) = preSolution
		Debug|x64 = Debug|x64
		Release|x64 = Release|x64
	EndGlobalSection
	GlobalSection(ProjectConfigurationPlatforms) = postSolution
		{BF475002-3A0E-43D9-B64E-BAA806238382}.Debug|x64.ActiveCfg = Debug|x64
		{BF475002-3A0E-43D9-B64E-BAA806238382}.Debug|x64.Build.0 = Debug|x64
		{BF475002-3A0E-43D9-B64E-BAA806238382}.Release|x64.ActiveCfg = Release|x64
		{BF475002-3A0E-43D9-B64E-BAA806238382}.Release|x64.Build.0 = Release|x64
	EndGlobalSection
	GlobalSection(SolutionProperties) = preSolution
		HideSolutionNode = FALSE
	EndGlobalSection
	GlobalSection(ExtensibilityGlobals) = postSolution
		SolutionGuid = {DC816204-F4BB-4E88-BCB8-E93CA672A3DA}
	EndGlobalSection
EndGlobal
